
Microsoft Visual Studio Solution File, Format Version 12.00
# Visual Studio Version 17
VisualStudioVersion = 17.10.35004.147
MinimumVisualStudioVersion = 10.0.40219.1
Project("{9A19103F-16F7-4668-BE54-9A1E7A4F7556}") = "Electro.APIs", "Electro.APIs\Electro.APIs.csproj", "{FB39E13C-782F-431E-B12D-E3280620B47D}"
EndProject
Project("{FAE04EC0-301F-11D3-BF4B-00C04F79EFBC}") = "Electro.Core", "Electro.Core\Electro.Core.csproj", "{2D4AC13A-9F3C-402C-B403-E9C6FD517694}"
EndProject
Project("{FAE04EC0-301F-11D3-BF4B-00C04F79EFBC}") = "Electro.Repository", "Electro.Repository\Electro.Repository.csproj", "{195B8C21-3902-4FC7-BE35-97FB72B3DA83}"
EndProject
Global
	GlobalSection(SolutionConfigurationPlatforms) = preSolution
		Debug|Any CPU = Debug|Any CPU
		Release|Any CPU = Release|Any CPU
	EndGlobalSection
	GlobalSection(ProjectConfigurationPlatforms) = postSolution
		{FB39E13C-782F-431E-B12D-E3280620B47D}.Debug|Any CPU.ActiveCfg = Debug|Any CPU
		{FB39E13C-782F-431E-B12D-E3280620B47D}.Debug|Any CPU.Build.0 = Debug|Any CPU
		{FB39E13C-782F-431E-B12D-E3280620B47D}.Release|Any CPU.ActiveCfg = Release|Any CPU
		{FB39E13C-782F-431E-B12D-E3280620B47D}.Release|Any CPU.Build.0 = Release|Any CPU
		{2D4AC13A-9F3C-402C-B403-E9C6FD517694}.Debug|Any CPU.ActiveCfg = Debug|Any CPU
		{2D4AC13A-9F3C-402C-B403-E9C6FD517694}.Debug|Any CPU.Build.0 = Debug|Any CPU
		{2D4AC13A-9F3C-402C-B403-E9C6FD517694}.Release|Any CPU.ActiveCfg = Release|Any CPU
		{2D4AC13A-9F3C-402C-B403-E9C6FD517694}.Release|Any CPU.Build.0 = Release|Any CPU
		{195B8C21-3902-4FC7-BE35-97FB72B3DA83}.Debug|Any CPU.ActiveCfg = Debug|Any CPU
		{195B8C21-3902-4FC7-BE35-97FB72B3DA83}.Debug|Any CPU.Build.0 = Debug|Any CPU
		{195B8C21-3902-4FC7-BE35-97FB72B3DA83}.Release|Any CPU.ActiveCfg = Release|Any CPU
		{195B8C21-3902-4FC7-BE35-97FB72B3DA83}.Release|Any CPU.Build.0 = Release|Any CPU
	EndGlobalSection
	GlobalSection(SolutionProperties) = preSolution
		HideSolutionNode = FALSE
	EndGlobalSection
	GlobalSection(ExtensibilityGlobals) = postSolution
		SolutionGuid = {27C3753D-BB7A-4A49-96A9-C4CB350B39C8}
	EndGlobalSection
EndGlobal
